# This file was autogenerated by Stack.
# You should not edit this file by hand.
# For more information, please see the documentation at:
#   https://docs.haskellstack.org/en/stable/lock_files

packages:
- completed:
    hackage: cborg-json-0.2.1.0@sha256:af9137557002ca5308fe80570a9a29398dfb9708423870875223796760689ac3,1268
    pantry-tree:
      size: 274
      sha256: fa0ca2dc2d6cdab48e5ef74ffe248670045fca98339d939e47215a5c3ebe47c0
  original:
    hackage: cborg-json-0.2.1.0@sha256:af9137557002ca5308fe80570a9a29398dfb9708423870875223796760689ac3
- completed:
    hackage: distributed-process-0.7.4@sha256:9e43cb9a27e976e3e4c054e783bdfbd6140760e70997448da66993f4674a6409,7577
    pantry-tree:
      size: 3102
      sha256: a558e988e6deba25d0667d8f6fd2705c0f7f36292b1afaa5442bd34a9cdf817c
  original:
    hackage: distributed-process-0.7.4@sha256:9e43cb9a27e976e3e4c054e783bdfbd6140760e70997448da66993f4674a6409
- completed:
    hackage: distributed-process-async-0.2.6@sha256:42d6b759da0990c91303cc589ed02fe38d57973410f02f5fdabb1e135a943514,3077
    pantry-tree:
      size: 407
      sha256: 42983beb0f38b479b5aff321d8d8b30b4cd1dc5df57784d00f3181c2d96c22fd
  original:
    hackage: distributed-process-async-0.2.6@sha256:42d6b759da0990c91303cc589ed02fe38d57973410f02f5fdabb1e135a943514
- completed:
    hackage: distributed-process-client-server-0.2.5.1@sha256:6e29e84673f689e85f49a51b86901077039965fd2340e0002527e8332463c178,5519
    pantry-tree:
      size: 1760
      sha256: fb6e7e0cf48d355a4af773db017953d763c47c2bc4f3ea3e889d390800e4198a
  original:
    hackage: distributed-process-client-server-0.2.5.1@sha256:6e29e84673f689e85f49a51b86901077039965fd2340e0002527e8332463c178
- completed:
    hackage: distributed-process-extras-0.3.5@sha256:aa1789b3af8f7a9921c8723b27c3520d88bf9b14613b27ce2deefe48a3c9ac88,7152
    pantry-tree:
      size: 1781
      sha256: eb8c98efdfc1d6e910d8ef77d456553fe3c47eecc6992331a7cea20684d6b632
  original:
    hackage: distributed-process-extras-0.3.5@sha256:aa1789b3af8f7a9921c8723b27c3520d88bf9b14613b27ce2deefe48a3c9ac88
- completed:
    hackage: distributed-process-monad-control-0.5.1.3@sha256:72f0c212135ddaf9c7613499f9612855f2470e4ec6b8aa3447781fa2a5dbd260,2240
    pantry-tree:
      size: 318
      sha256: 75e5be4d44150c2988a54c8d4751196f1605a194dfeb67e9631814fcfe6f4654
  original:
    hackage: distributed-process-monad-control-0.5.1.3@sha256:72f0c212135ddaf9c7613499f9612855f2470e4ec6b8aa3447781fa2a5dbd260
- completed:
    hackage: distributed-process-simplelocalnet-0.2.4@sha256:044a003f81a648f9fb9b1c7ae9cd8f753f5f1c32d9db5ff8b31e91e91f525ed7,3189
    pantry-tree:
      size: 510
      sha256: 68e2d25618d8f791d780369ba2237119acc597f6964ec00e11dbf0c796f10c1e
  original:
    hackage: distributed-process-simplelocalnet-0.2.4@sha256:044a003f81a648f9fb9b1c7ae9cd8f753f5f1c32d9db5ff8b31e91e91f525ed7
- completed:
    hackage: distributed-process-supervisor-0.2.1@sha256:dcd6ac3383eb45afd30705a9833930c8a33af8d8ef83aeb870f20600edcd8e32,5788
    pantry-tree:
      size: 624
      sha256: cf34c64666663557e0f334a49e201060c6573dac8ba37773222461338959fef9
  original:
    hackage: distributed-process-supervisor-0.2.1@sha256:dcd6ac3383eb45afd30705a9833930c8a33af8d8ef83aeb870f20600edcd8e32
- completed:
    hackage: dhall-1.21.0@sha256:c218ff8a8a43f0537a1cbde3b77da9c465a7d79199ee711caf30e9294122e12a,29312
    pantry-tree:
      size: 88617
      sha256: cae3e7e458b55ccf9a081c13a0624cc5b78a0b4c244a37461212ae5b9f615236
  original:
    hackage: dhall-1.21.0@sha256:c218ff8a8a43f0537a1cbde3b77da9c465a7d79199ee711caf30e9294122e12a
- completed:
    hackage: dotgen-0.4.2@sha256:309b7cc8a3593a8e48bee7b53020d5f72db156d58edf78a0214f58fbb84b292b,1402
    pantry-tree:
      size: 357
      sha256: d03f332855d4d9b02e96931596e358202bd18032c323fb1abd8fe84299d259cd
  original:
    hackage: dotgen-0.4.2@sha256:309b7cc8a3593a8e48bee7b53020d5f72db156d58edf78a0214f58fbb84b292b
- completed:
    hackage: megaparsec-7.0.5@sha256:45e1f1348fab2783646fdb4d9e6097568981a740951c7356d36d794e2baba305,3902
    pantry-tree:
      size: 1428
      sha256: 1f8baf6e07326f8c8a2dd31de6b2860427f158b0892c52ba5fe9ffeb6cd3bf7f
  original:
    hackage: megaparsec-7.0.5@sha256:45e1f1348fab2783646fdb4d9e6097568981a740951c7356d36d794e2baba305
- completed:
    hackage: network-transport-tcp-0.6.0@sha256:077b733c97db7949d18d09877e847fae117cc6e4e5c35941442f52debbd32452,3298
    pantry-tree:
      size: 651
      sha256: 25102c14bedca96694a2d410783fdde107e9059452e07b882b67ac309b313bc0
  original:
    hackage: network-transport-tcp-0.6.0@sha256:077b733c97db7949d18d09877e847fae117cc6e4e5c35941442f52debbd32452
- completed:
    hackage: nonempty-containers-0.1.1.0@sha256:a572d9cfcb3f5f1b5564f254f34c76837312df187c4e0202c443885b5f711966,2638
    pantry-tree:
      size: 1479
      sha256: 979cd980f6ed0e68ef239d2b22bfb1fd096915b451315e3a01b4b603ff5dabb7
  original:
    hackage: nonempty-containers-0.1.1.0@sha256:a572d9cfcb3f5f1b5564f254f34c76837312df187c4e0202c443885b5f711966
- completed:
    hackage: json-rpc-1.0.0@sha256:8818da9cff6ae0803c6e21ce55fb26eab68a90b22851962368150dee49ecf16d,3428
    pantry-tree:
      size: 854
      sha256: 8d19aa9e80e817775201e6d39ac9f31ee186aa2131152a8fd5b656260aaee873
  original:
    hackage: json-rpc-1.0.0@sha256:8818da9cff6ae0803c6e21ce55fb26eab68a90b22851962368150dee49ecf16d
- completed:
    hackage: repline-0.2.1.0@sha256:0f8e92d78e771afb9d41243c2b6ab9609fe02f94e676fae3caed66fa4ce09b18,1187
    pantry-tree:
      size: 323
      sha256: f48833fb8a89fc4ede1b254bdfbc8937d82e694eb05bf936bf89293bab691700
  original:
    hackage: repline-0.2.1.0@sha256:0f8e92d78e771afb9d41243c2b6ab9609fe02f94e676fae3caed66fa4ce09b18
- completed:
    hackage: rocksdb-haskell-1.0.1@sha256:3a437ec1cedea56e02ae85a8e37539151c5295cb228117e46aa90767f1072d61,2675
    pantry-tree:
      size: 727
      sha256: b63c437c13d505f637ec2ccdbe5044286694312b3f9bbac313cc3b8ff16eff9a
  original:
    hackage: rocksdb-haskell-1.0.1@sha256:3a437ec1cedea56e02ae85a8e37539151c5295cb228117e46aa90767f1072d61
- completed:
    hackage: serialise-0.2.1.0@sha256:8d6051f64c6ebfaf705195dd0b8dfb667617f2e674b290ed2e44985009e4f951,8242
    pantry-tree:
      size: 4056
      sha256: 26f4c5d503a78001152b73868bd66c5b3479d9b62bb0134c6557815ced34402a
  original:
    hackage: serialise-0.2.1.0@sha256:8d6051f64c6ebfaf705195dd0b8dfb667617f2e674b290ed2e44985009e4f951
- completed:
    hackage: servant-subscriber-0.6.0.2@sha256:e1cf0d273f2d072f9b36c40a2e18cb1663beaeef400b2351b9a0e15629a12076,2552
    pantry-tree:
      size: 859
      sha256: 77587aa322ad3e514a5a2069f7c20d5ae25a92eef8ea29643cc8bffe292cb950
  original:
    hackage: servant-subscriber-0.6.0.2@sha256:e1cf0d273f2d072f9b36c40a2e18cb1663beaeef400b2351b9a0e15629a12076
- completed:
    cabal-file:
      size: 3219
      sha256: c2d455a64f2fad7e42866e254528d89bd85ebf99ce85c8e871b6e508b8c7d76d
    name: purescript-bridge
    version: 0.13.0.0
    git: git@github.com:shmish111/purescript-bridge.git
    pantry-tree:
      size: 1562
      sha256: c054f0b2b100519d88b891c31e8b7a751a7ee724039b43f89dd1aac613991542
    commit: 80774b20f8df2af4138f9e2a6d0c64da33b1fcc5
  original:
    git: git@github.com:shmish111/purescript-bridge.git
    commit: 80774b20f8df2af4138f9e2a6d0c64da33b1fcc5
- completed:
    cabal-file:
      size: 2334
      sha256: 2985ddd26fc156ccdf0da095f65d0c9df136faedcb0ec6b591cc7bba9f23f85e
    name: servant-purescript
    version: 0.9.0.2
    git: git@github.com:shmish111/servant-purescript.git
    pantry-tree:
      size: 2583
      sha256: 711c08275466e1ad5a180ae6b325a9de35cab04457ae202a6bbaec2c951e1984
    commit: ece5d1dad16a5731ac22040075615803796c7c21
  original:
    git: git@github.com:shmish111/servant-purescript.git
    commit: ece5d1dad16a5731ac22040075615803796c7c21
snapshots:
- completed:
    size: 509471
    url: https://raw.githubusercontent.com/commercialhaskell/stackage-snapshots/master/lts/12/26.yaml
    sha256: 95f014df58d0679b1c4a2b7bf2b652b61da8d30de5f571abb0d59015ef678646
  original: lts-12.26
